
Microsoft Visual Studio Solution File, Format Version 11.00
# Visual Studio 2010
Project("{FAE04EC0-301F-11D3-BF4B-00C04F79EFBC}") = "Assembly-CSharp", "Assembly-CSharp.csproj", "{F568E903-832A-F628-EDE8-AFA3A7A98475}"
EndProject
Project("{FAE04EC0-301F-11D3-BF4B-00C04F79EFBC}") = "Assembly-CSharp-Editor", "Assembly-CSharp-Editor.csproj", "{28D43CF7-733D-2FDE-7DE2-B159738EAC73}"
EndProject
Global
	GlobalSection(SolutionConfigurationPlatforms) = preSolution
		Debug|Any CPU = Debug|Any CPU
		Release|Any CPU = Release|Any CPU
	EndGlobalSection
	GlobalSection(ProjectConfigurationPlatforms) = postSolution
		{F568E903-832A-F628-EDE8-AFA3A7A98475}.Debug|Any CPU.ActiveCfg = Debug|Any CPU
		{F568E903-832A-F628-EDE8-AFA3A7A98475}.Debug|Any CPU.Build.0 = Debug|Any CPU
		{F568E903-832A-F628-EDE8-AFA3A7A98475}.Release|Any CPU.ActiveCfg = Release|Any CPU
		{F568E903-832A-F628-EDE8-AFA3A7A98475}.Release|Any CPU.Build.0 = Release|Any CPU
		{28D43CF7-733D-2FDE-7DE2-B159738EAC73}.Debug|Any CPU.ActiveCfg = Debug|Any CPU
		{28D43CF7-733D-2FDE-7DE2-B159738EAC73}.Debug|Any CPU.Build.0 = Debug|Any CPU
		{28D43CF7-733D-2FDE-7DE2-B159738EAC73}.Release|Any CPU.ActiveCfg = Release|Any CPU
		{28D43CF7-733D-2FDE-7DE2-B159738EAC73}.Release|Any CPU.Build.0 = Release|Any CPU
	EndGlobalSection
	GlobalSection(SolutionProperties) = preSolution
		HideSolutionNode = FALSE
	EndGlobalSection
	GlobalSection(MonoDevelopProperties) = preSolution
		StartupItem = Assembly-CSharp.csproj
	EndGlobalSection
EndGlobal
